// !$*UTF8*$!
{
	archiveVersion = 1;
	classes = {
	};
	objectVersion = 55;
	objects = {

/* Begin PBXBuildFile section */
		042D707D289AC660001D2EC1 /* ReverseWordsTests.swift in Sources */ = {isa = PBXBuildFile; fileRef = 042D707C289AC660001D2EC1 /* ReverseWordsTests.swift */; };
		042D708A289AC673001D2EC1 /* ReverseWordsUITests.swift in Sources */ = {isa = PBXBuildFile; fileRef = 042D7089289AC673001D2EC1 /* ReverseWordsUITests.swift */; };
		049CA12828900B61007B0F36 /* AppDelegate.swift in Sources */ = {isa = PBXBuildFile; fileRef = 049CA12728900B61007B0F36 /* AppDelegate.swift */; };
		049CA12A28900B61007B0F36 /* SceneDelegate.swift in Sources */ = {isa = PBXBuildFile; fileRef = 049CA12928900B61007B0F36 /* SceneDelegate.swift */; };
		049CA13128900B62007B0F36 /* Assets.xcassets in Resources */ = {isa = PBXBuildFile; fileRef = 049CA13028900B62007B0F36 /* Assets.xcassets */; };
		049CA13428900B62007B0F36 /* LaunchScreen.storyboard in Resources */ = {isa = PBXBuildFile; fileRef = 049CA13228900B62007B0F36 /* LaunchScreen.storyboard */; };
		049CA14228900C3D007B0F36 /* ViewController.swift in Sources */ = {isa = PBXBuildFile; fileRef = 049CA14128900C3D007B0F36 /* ViewController.swift */; };
		049CA14628900C54007B0F36 /* LineView.swift in Sources */ = {isa = PBXBuildFile; fileRef = 049CA14328900C54007B0F36 /* LineView.swift */; };
		049CA14728900C54007B0F36 /* ReverseButton.swift in Sources */ = {isa = PBXBuildFile; fileRef = 049CA14428900C54007B0F36 /* ReverseButton.swift */; };
		049CA14828900C54007B0F36 /* ReverseTextField.swift in Sources */ = {isa = PBXBuildFile; fileRef = 049CA14528900C54007B0F36 /* ReverseTextField.swift */; };
		049CA14B28900C5F007B0F36 /* TextFieldDelegate.swift in Sources */ = {isa = PBXBuildFile; fileRef = 049CA14928900C5F007B0F36 /* TextFieldDelegate.swift */; };
		049CA14C28900C5F007B0F36 /* HideNavBarLine.swift in Sources */ = {isa = PBXBuildFile; fileRef = 049CA14A28900C5F007B0F36 /* HideNavBarLine.swift */; };
		049CA14E28900C6A007B0F36 /* ReverseWords.swift in Sources */ = {isa = PBXBuildFile; fileRef = 049CA14D28900C6A007B0F36 /* ReverseWords.swift */; };
		049CA15028900C7D007B0F36 /* Main.storyboard in Resources */ = {isa = PBXBuildFile; fileRef = 049CA14F28900C7D007B0F36 /* Main.storyboard */; };
		049CA15428900C86007B0F36 /* Roboto-Regular.ttf in Resources */ = {isa = PBXBuildFile; fileRef = 049CA15228900C86007B0F36 /* Roboto-Regular.ttf */; };
		049CA15528900C86007B0F36 /* Roboto-Bold.ttf in Resources */ = {isa = PBXBuildFile; fileRef = 049CA15328900C86007B0F36 /* Roboto-Bold.ttf */; };
		4B76B604C5CA8E3A9FC7223B /* Pods_Reverse_Words.framework in Frameworks */ = {isa = PBXBuildFile; fileRef = 760E3E978E5875CCADD2037D /* Pods_Reverse_Words.framework */; };
/* End PBXBuildFile section */

/* Begin PBXContainerItemProxy section */
		042D707E289AC660001D2EC1 /* PBXContainerItemProxy */ = {
			isa = PBXContainerItemProxy;
			containerPortal = 049CA11C28900B61007B0F36 /* Project object */;
			proxyType = 1;
			remoteGlobalIDString = 049CA12328900B61007B0F36;
			remoteInfo = "Reverse Words";
		};
		042D708D289AC673001D2EC1 /* PBXContainerItemProxy */ = {
			isa = PBXContainerItemProxy;
			containerPortal = 049CA11C28900B61007B0F36 /* Project object */;
			proxyType = 1;
			remoteGlobalIDString = 049CA12328900B61007B0F36;
			remoteInfo = "Reverse Words";
		};
/* End PBXContainerItemProxy section */

/* Begin PBXFileReference section */
		042D707A289AC660001D2EC1 /* ReverseWordsTests.xctest */ = {isa = PBXFileReference; explicitFileType = wrapper.cfbundle; includeInIndex = 0; path = ReverseWordsTests.xctest; sourceTree = BUILT_PRODUCTS_DIR; };
		042D707C289AC660001D2EC1 /* ReverseWordsTests.swift */ = {isa = PBXFileReference; lastKnownFileType = sourcecode.swift; path = ReverseWordsTests.swift; sourceTree = "<group>"; };
		042D7087289AC673001D2EC1 /* ReverseWordsUITests.xctest */ = {isa = PBXFileReference; explicitFileType = wrapper.cfbundle; includeInIndex = 0; path = ReverseWordsUITests.xctest; sourceTree = BUILT_PRODUCTS_DIR; };
		042D7089289AC673001D2EC1 /* ReverseWordsUITests.swift */ = {isa = PBXFileReference; lastKnownFileType = sourcecode.swift; path = ReverseWordsUITests.swift; sourceTree = "<group>"; };
		049CA12428900B61007B0F36 /* Reverse Words.app */ = {isa = PBXFileReference; explicitFileType = wrapper.application; includeInIndex = 0; path = "Reverse Words.app"; sourceTree = BUILT_PRODUCTS_DIR; };
		049CA12728900B61007B0F36 /* AppDelegate.swift */ = {isa = PBXFileReference; lastKnownFileType = sourcecode.swift; name = AppDelegate.swift; path = ../AppDelegate.swift; sourceTree = "<group>"; };
		049CA12928900B61007B0F36 /* SceneDelegate.swift */ = {isa = PBXFileReference; lastKnownFileType = sourcecode.swift; name = SceneDelegate.swift; path = ../SceneDelegate.swift; sourceTree = "<group>"; };
		049CA13028900B62007B0F36 /* Assets.xcassets */ = {isa = PBXFileReference; lastKnownFileType = folder.assetcatalog; path = Assets.xcassets; sourceTree = "<group>"; };
		049CA13328900B62007B0F36 /* Base */ = {isa = PBXFileReference; lastKnownFileType = file.storyboard; name = Base; path = Base.lproj/LaunchScreen.storyboard; sourceTree = "<group>"; };
		049CA13528900B62007B0F36 /* Info.plist */ = {isa = PBXFileReference; lastKnownFileType = text.plist.xml; path = Info.plist; sourceTree = "<group>"; };
		049CA14128900C3D007B0F36 /* ViewController.swift */ = {isa = PBXFileReference; fileEncoding = 4; lastKnownFileType = sourcecode.swift; path = ViewController.swift; sourceTree = "<group>"; };
		049CA14328900C54007B0F36 /* LineView.swift */ = {isa = PBXFileReference; fileEncoding = 4; lastKnownFileType = sourcecode.swift; path = LineView.swift; sourceTree = "<group>"; };
		049CA14428900C54007B0F36 /* ReverseButton.swift */ = {isa = PBXFileReference; fileEncoding = 4; lastKnownFileType = sourcecode.swift; path = ReverseButton.swift; sourceTree = "<group>"; };
		049CA14528900C54007B0F36 /* ReverseTextField.swift */ = {isa = PBXFileReference; fileEncoding = 4; lastKnownFileType = sourcecode.swift; path = ReverseTextField.swift; sourceTree = "<group>"; };
		049CA14928900C5F007B0F36 /* TextFieldDelegate.swift */ = {isa = PBXFileReference; fileEncoding = 4; lastKnownFileType = sourcecode.swift; path = TextFieldDelegate.swift; sourceTree = "<group>"; };
		049CA14A28900C5F007B0F36 /* HideNavBarLine.swift */ = {isa = PBXFileReference; fileEncoding = 4; lastKnownFileType = sourcecode.swift; path = HideNavBarLine.swift; sourceTree = "<group>"; };
		049CA14D28900C6A007B0F36 /* ReverseWords.swift */ = {isa = PBXFileReference; fileEncoding = 4; lastKnownFileType = sourcecode.swift; path = ReverseWords.swift; sourceTree = "<group>"; };
		049CA14F28900C7D007B0F36 /* Main.storyboard */ = {isa = PBXFileReference; fileEncoding = 4; lastKnownFileType = file.storyboard; path = Main.storyboard; sourceTree = "<group>"; };
		049CA15228900C86007B0F36 /* Roboto-Regular.ttf */ = {isa = PBXFileReference; lastKnownFileType = file; path = "Roboto-Regular.ttf"; sourceTree = "<group>"; };
		049CA15328900C86007B0F36 /* Roboto-Bold.ttf */ = {isa = PBXFileReference; lastKnownFileType = file; path = "Roboto-Bold.ttf"; sourceTree = "<group>"; };
		133FF545C888B4BCB32F8223 /* Pods-Reverse Words.release.xcconfig */ = {isa = PBXFileReference; includeInIndex = 1; lastKnownFileType = text.xcconfig; name = "Pods-Reverse Words.release.xcconfig"; path = "Target Support Files/Pods-Reverse Words/Pods-Reverse Words.release.xcconfig"; sourceTree = "<group>"; };
		760E3E978E5875CCADD2037D /* Pods_Reverse_Words.framework */ = {isa = PBXFileReference; explicitFileType = wrapper.framework; includeInIndex = 0; path = Pods_Reverse_Words.framework; sourceTree = BUILT_PRODUCTS_DIR; };
		D9D90F015978D7CF01164BFC /* Pods-Reverse Words.debug.xcconfig */ = {isa = PBXFileReference; includeInIndex = 1; lastKnownFileType = text.xcconfig; name = "Pods-Reverse Words.debug.xcconfig"; path = "Target Support Files/Pods-Reverse Words/Pods-Reverse Words.debug.xcconfig"; sourceTree = "<group>"; };
/* End PBXFileReference section */

/* Begin PBXFrameworksBuildPhase section */
		042D7077289AC660001D2EC1 /* Frameworks */ = {
			isa = PBXFrameworksBuildPhase;
			buildActionMask = 2147483647;
			files = (
			);
			runOnlyForDeploymentPostprocessing = 0;
		};
		042D7084289AC673001D2EC1 /* Frameworks */ = {
			isa = PBXFrameworksBuildPhase;
			buildActionMask = 2147483647;
			files = (
			);
			runOnlyForDeploymentPostprocessing = 0;
		};
		049CA12128900B61007B0F36 /* Frameworks */ = {
			isa = PBXFrameworksBuildPhase;
			buildActionMask = 2147483647;
			files = (
				4B76B604C5CA8E3A9FC7223B /* Pods_Reverse_Words.framework in Frameworks */,
			);
			runOnlyForDeploymentPostprocessing = 0;
		};
/* End PBXFrameworksBuildPhase section */

/* Begin PBXGroup section */
		042D707B289AC660001D2EC1 /* ReverseWordsTests */ = {
			isa = PBXGroup;
			children = (
				042D707C289AC660001D2EC1 /* ReverseWordsTests.swift */,
			);
			path = ReverseWordsTests;
			sourceTree = "<group>";
		};
		042D7088289AC673001D2EC1 /* ReverseWordsUITests */ = {
			isa = PBXGroup;
			children = (
				042D7089289AC673001D2EC1 /* ReverseWordsUITests.swift */,
			);
			path = ReverseWordsUITests;
			sourceTree = "<group>";
		};
		049CA11B28900B61007B0F36 = {
			isa = PBXGroup;
			children = (
				049CA12628900B61007B0F36 /* Reverse Words */,
				042D707B289AC660001D2EC1 /* ReverseWordsTests */,
				042D7088289AC673001D2EC1 /* ReverseWordsUITests */,
				049CA12528900B61007B0F36 /* Products */,
				48CCEB97D4F82EB6AEE491CA /* Pods */,
				07F2F5A6A0AFABECC66CFE62 /* Frameworks */,
			);
			sourceTree = "<group>";
		};
		049CA12528900B61007B0F36 /* Products */ = {
			isa = PBXGroup;
			children = (
				049CA12428900B61007B0F36 /* Reverse Words.app */,
				042D707A289AC660001D2EC1 /* ReverseWordsTests.xctest */,
				042D7087289AC673001D2EC1 /* ReverseWordsUITests.xctest */,
			);
			name = Products;
			sourceTree = "<group>";
		};
		049CA12628900B61007B0F36 /* Reverse Words */ = {
			isa = PBXGroup;
			children = (
				049CA15128900C86007B0F36 /* Fonts */,
				049CA14028900BCB007B0F36 /* CommonFiles */,
				049CA13F28900B81007B0F36 /* Controllers */,
				049CA13E28900B7C007B0F36 /* CustomElements */,
				049CA13D28900B7A007B0F36 /* Extentions */,
				049CA13C28900B77007B0F36 /* Models */,
				049CA13B28900B74007B0F36 /* Views */,
				049CA13028900B62007B0F36 /* Assets.xcassets */,
				049CA13528900B62007B0F36 /* Info.plist */,
			);
			path = "Reverse Words";
			sourceTree = "<group>";
		};
		049CA13B28900B74007B0F36 /* Views */ = {
			isa = PBXGroup;
			children = (
				049CA14F28900C7D007B0F36 /* Main.storyboard */,
			);
			path = Views;
			sourceTree = "<group>";
		};
		049CA13C28900B77007B0F36 /* Models */ = {
			isa = PBXGroup;
			children = (
				049CA14D28900C6A007B0F36 /* ReverseWords.swift */,
			);
			path = Models;
			sourceTree = "<group>";
		};
		049CA13D28900B7A007B0F36 /* Extentions */ = {
			isa = PBXGroup;
			children = (
				049CA14A28900C5F007B0F36 /* HideNavBarLine.swift */,
				049CA14928900C5F007B0F36 /* TextFieldDelegate.swift */,
			);
			path = Extentions;
			sourceTree = "<group>";
		};
		049CA13E28900B7C007B0F36 /* CustomElements */ = {
			isa = PBXGroup;
			children = (
				049CA14328900C54007B0F36 /* LineView.swift */,
				049CA14428900C54007B0F36 /* ReverseButton.swift */,
				049CA14528900C54007B0F36 /* ReverseTextField.swift */,
			);
			path = CustomElements;
			sourceTree = "<group>";
		};
		049CA13F28900B81007B0F36 /* Controllers */ = {
			isa = PBXGroup;
			children = (
				049CA14128900C3D007B0F36 /* ViewController.swift */,
			);
			path = Controllers;
			sourceTree = "<group>";
		};
		049CA14028900BCB007B0F36 /* CommonFiles */ = {
			isa = PBXGroup;
			children = (
				049CA12728900B61007B0F36 /* AppDelegate.swift */,
				049CA12928900B61007B0F36 /* SceneDelegate.swift */,
				049CA13228900B62007B0F36 /* LaunchScreen.storyboard */,
			);
			path = CommonFiles;
			sourceTree = "<group>";
		};
		049CA15128900C86007B0F36 /* Fonts */ = {
			isa = PBXGroup;
			children = (
				049CA15228900C86007B0F36 /* Roboto-Regular.ttf */,
				049CA15328900C86007B0F36 /* Roboto-Bold.ttf */,
			);
			path = Fonts;
			sourceTree = "<group>";
		};
		07F2F5A6A0AFABECC66CFE62 /* Frameworks */ = {
			isa = PBXGroup;
			children = (
				760E3E978E5875CCADD2037D /* Pods_Reverse_Words.framework */,
			);
			name = Frameworks;
			sourceTree = "<group>";
		};
		48CCEB97D4F82EB6AEE491CA /* Pods */ = {
			isa = PBXGroup;
			children = (
				D9D90F015978D7CF01164BFC /* Pods-Reverse Words.debug.xcconfig */,
				133FF545C888B4BCB32F8223 /* Pods-Reverse Words.release.xcconfig */,
			);
			path = Pods;
			sourceTree = "<group>";
		};
/* End PBXGroup section */

/* Begin PBXNativeTarget section */
		042D7079289AC660001D2EC1 /* ReverseWordsTests */ = {
			isa = PBXNativeTarget;
			buildConfigurationList = 042D7082289AC660001D2EC1 /* Build configuration list for PBXNativeTarget "ReverseWordsTests" */;
			buildPhases = (
				042D7076289AC660001D2EC1 /* Sources */,
				042D7077289AC660001D2EC1 /* Frameworks */,
				042D7078289AC660001D2EC1 /* Resources */,
			);
			buildRules = (
			);
			dependencies = (
				042D707F289AC660001D2EC1 /* PBXTargetDependency */,
			);
			name = ReverseWordsTests;
			productName = ReverseWordsTests;
			productReference = 042D707A289AC660001D2EC1 /* ReverseWordsTests.xctest */;
			productType = "com.apple.product-type.bundle.unit-test";
		};
		042D7086289AC673001D2EC1 /* ReverseWordsUITests */ = {
			isa = PBXNativeTarget;
			buildConfigurationList = 042D708F289AC673001D2EC1 /* Build configuration list for PBXNativeTarget "ReverseWordsUITests" */;
			buildPhases = (
				042D7083289AC673001D2EC1 /* Sources */,
				042D7084289AC673001D2EC1 /* Frameworks */,
				042D7085289AC673001D2EC1 /* Resources */,
			);
			buildRules = (
			);
			dependencies = (
				042D708E289AC673001D2EC1 /* PBXTargetDependency */,
			);
			name = ReverseWordsUITests;
			productName = ReverseWordsUITests;
			productReference = 042D7087289AC673001D2EC1 /* ReverseWordsUITests.xctest */;
			productType = "com.apple.product-type.bundle.ui-testing";
		};
		049CA12328900B61007B0F36 /* Reverse Words */ = {
			isa = PBXNativeTarget;
			buildConfigurationList = 049CA13828900B62007B0F36 /* Build configuration list for PBXNativeTarget "Reverse Words" */;
			buildPhases = (
				049CA15628900DBC007B0F36 /* Run SwiftLint */,
				6BFCC69E5DCF6CCADBEA169B /* [CP] Check Pods Manifest.lock */,
				049CA12028900B61007B0F36 /* Sources */,
				049CA12128900B61007B0F36 /* Frameworks */,
				049CA12228900B61007B0F36 /* Resources */,
			);
			buildRules = (
			);
			dependencies = (
			);
			name = "Reverse Words";
			productName = "Reverse Words";
			productReference = 049CA12428900B61007B0F36 /* Reverse Words.app */;
			productType = "com.apple.product-type.application";
		};
/* End PBXNativeTarget section */

/* Begin PBXProject section */
		049CA11C28900B61007B0F36 /* Project object */ = {
			isa = PBXProject;
			attributes = {
				BuildIndependentTargetsInParallel = 1;
				LastSwiftUpdateCheck = 1340;
				LastUpgradeCheck = 1340;
				TargetAttributes = {
					042D7079289AC660001D2EC1 = {
						CreatedOnToolsVersion = 13.4.1;
						TestTargetID = 049CA12328900B61007B0F36;
					};
					042D7086289AC673001D2EC1 = {
						CreatedOnToolsVersion = 13.4.1;
						TestTargetID = 049CA12328900B61007B0F36;
					};
					049CA12328900B61007B0F36 = {
						CreatedOnToolsVersion = 13.4.1;
					};
				};
			};
			buildConfigurationList = 049CA11F28900B61007B0F36 /* Build configuration list for PBXProject "Reverse Words" */;
			compatibilityVersion = "Xcode 13.0";
			developmentRegion = en;
			hasScannedForEncodings = 0;
			knownRegions = (
				en,
				Base,
			);
			mainGroup = 049CA11B28900B61007B0F36;
			productRefGroup = 049CA12528900B61007B0F36 /* Products */;
			projectDirPath = "";
			projectRoot = "";
			targets = (
				049CA12328900B61007B0F36 /* Reverse Words */,
				042D7079289AC660001D2EC1 /* ReverseWordsTests */,
				042D7086289AC673001D2EC1 /* ReverseWordsUITests */,
			);
		};
/* End PBXProject section */

/* Begin PBXResourcesBuildPhase section */
		042D7078289AC660001D2EC1 /* Resources */ = {
			isa = PBXResourcesBuildPhase;
			buildActionMask = 2147483647;
			files = (
			);
			runOnlyForDeploymentPostprocessing = 0;
		};
		042D7085289AC673001D2EC1 /* Resources */ = {
			isa = PBXResourcesBuildPhase;
			buildActionMask = 2147483647;
			files = (
			);
			runOnlyForDeploymentPostprocessing = 0;
		};
		049CA12228900B61007B0F36 /* Resources */ = {
			isa = PBXResourcesBuildPhase;
			buildActionMask = 2147483647;
			files = (
				049CA15028900C7D007B0F36 /* Main.storyboard in Resources */,
				049CA13428900B62007B0F36 /* LaunchScreen.storyboard in Resources */,
				049CA15528900C86007B0F36 /* Roboto-Bold.ttf in Resources */,
				049CA15428900C86007B0F36 /* Roboto-Regular.ttf in Resources */,
				049CA13128900B62007B0F36 /* Assets.xcassets in Resources */,
			);
			runOnlyForDeploymentPostprocessing = 0;
		};
/* End PBXResourcesBuildPhase section */

/* Begin PBXShellScriptBuildPhase section */
		049CA15628900DBC007B0F36 /* Run SwiftLint */ = {
			isa = PBXShellScriptBuildPhase;
			buildActionMask = 2147483647;
			files = (
			);
			inputFileListPaths = (
			);
			inputPaths = (
			);
			name = "Run SwiftLint";
			outputFileListPaths = (
			);
			outputPaths = (
			);
			runOnlyForDeploymentPostprocessing = 0;
			shellPath = /bin/sh;
			shellScript = "\"${PODS_ROOT}/SwiftLint/swiftlint\"\n";
		};
		6BFCC69E5DCF6CCADBEA169B /* [CP] Check Pods Manifest.lock */ = {
			isa = PBXShellScriptBuildPhase;
			buildActionMask = 2147483647;
			files = (
			);
			inputFileListPaths = (
			);
			inputPaths = (
				"${PODS_PODFILE_DIR_PATH}/Podfile.lock",
				"${PODS_ROOT}/Manifest.lock",
			);
			name = "[CP] Check Pods Manifest.lock";
			outputFileListPaths = (
			);
			outputPaths = (
				"$(DERIVED_FILE_DIR)/Pods-Reverse Words-checkManifestLockResult.txt",
			);
			runOnlyForDeploymentPostprocessing = 0;
			shellPath = /bin/sh;
			shellScript = "diff \"${PODS_PODFILE_DIR_PATH}/Podfile.lock\" \"${PODS_ROOT}/Manifest.lock\" > /dev/null\nif [ $? != 0 ] ; then\n    # print error to STDERR\n    echo \"error: The sandbox is not in sync with the Podfile.lock. Run 'pod install' or update your CocoaPods installation.\" >&2\n    exit 1\nfi\n# This output is used by Xcode 'outputs' to avoid re-running this script phase.\necho \"SUCCESS\" > \"${SCRIPT_OUTPUT_FILE_0}\"\n";
			showEnvVarsInLog = 0;
		};
/* End PBXShellScriptBuildPhase section */

/* Begin PBXSourcesBuildPhase section */
		042D7076289AC660001D2EC1 /* Sources */ = {
			isa = PBXSourcesBuildPhase;
			buildActionMask = 2147483647;
			files = (
				042D707D289AC660001D2EC1 /* ReverseWordsTests.swift in Sources */,
			);
			runOnlyForDeploymentPostprocessing = 0;
		};
		042D7083289AC673001D2EC1 /* Sources */ = {
			isa = PBXSourcesBuildPhase;
			buildActionMask = 2147483647;
			files = (
				042D708A289AC673001D2EC1 /* ReverseWordsUITests.swift in Sources */,
			);
			runOnlyForDeploymentPostprocessing = 0;
		};
		049CA12028900B61007B0F36 /* Sources */ = {
			isa = PBXSourcesBuildPhase;
			buildActionMask = 2147483647;
			files = (
				049CA14E28900C6A007B0F36 /* ReverseWords.swift in Sources */,
				049CA14C28900C5F007B0F36 /* HideNavBarLine.swift in Sources */,
				049CA14828900C54007B0F36 /* ReverseTextField.swift in Sources */,
				049CA12828900B61007B0F36 /* AppDelegate.swift in Sources */,
				049CA14728900C54007B0F36 /* ReverseButton.swift in Sources */,
				049CA14228900C3D007B0F36 /* ViewController.swift in Sources */,
				049CA14628900C54007B0F36 /* LineView.swift in Sources */,
				049CA14B28900C5F007B0F36 /* TextFieldDelegate.swift in Sources */,
				049CA12A28900B61007B0F36 /* SceneDelegate.swift in Sources */,
			);
			runOnlyForDeploymentPostprocessing = 0;
		};
/* End PBXSourcesBuildPhase section */

/* Begin PBXTargetDependency section */
		042D707F289AC660001D2EC1 /* PBXTargetDependency */ = {
			isa = PBXTargetDependency;
			target = 049CA12328900B61007B0F36 /* Reverse Words */;
			targetProxy = 042D707E289AC660001D2EC1 /* PBXContainerItemProxy */;
		};
		042D708E289AC673001D2EC1 /* PBXTargetDependency */ = {
			isa = PBXTargetDependency;
			target = 049CA12328900B61007B0F36 /* Reverse Words */;
			targetProxy = 042D708D289AC673001D2EC1 /* PBXContainerItemProxy */;
		};
/* End PBXTargetDependency section */

/* Begin PBXVariantGroup section */
		049CA13228900B62007B0F36 /* LaunchScreen.storyboard */ = {
			isa = PBXVariantGroup;
			children = (
				049CA13328900B62007B0F36 /* Base */,
			);
			name = LaunchScreen.storyboard;
			sourceTree = "<group>";
		};
/* End PBXVariantGroup section */

/* Begin XCBuildConfiguration section */
		042D7080289AC660001D2EC1 /* Debug */ = {
			isa = XCBuildConfiguration;
			buildSettings = {
				BUNDLE_LOADER = "$(TEST_HOST)";
				CODE_SIGN_STYLE = Automatic;
				CURRENT_PROJECT_VERSION = 1;
				DEVELOPMENT_TEAM = 7X3VV33MVU;
				GENERATE_INFOPLIST_FILE = YES;
				MARKETING_VERSION = 1.0;
				PRODUCT_BUNDLE_IDENTIFIER = matzsugi.ReverseWordsTests;
				PRODUCT_NAME = "$(TARGET_NAME)";
				SWIFT_EMIT_LOC_STRINGS = NO;
				SWIFT_VERSION = 5.0;
				TARGETED_DEVICE_FAMILY = "1,2";
				TEST_HOST = "$(BUILT_PRODUCTS_DIR)/Reverse Words.app/Reverse Words";
			};
			name = Debug;
		};
		042D7081289AC660001D2EC1 /* Release */ = {
			isa = XCBuildConfiguration;
			buildSettings = {
				BUNDLE_LOADER = "$(TEST_HOST)";
				CODE_SIGN_STYLE = Automatic;
				CURRENT_PROJECT_VERSION = 1;
				DEVELOPMENT_TEAM = 7X3VV33MVU;
				GENERATE_INFOPLIST_FILE = YES;
				MARKETING_VERSION = 1.0;
				PRODUCT_BUNDLE_IDENTIFIER = matzsugi.ReverseWordsTests;
				PRODUCT_NAME = "$(TARGET_NAME)";
				SWIFT_EMIT_LOC_STRINGS = NO;
				SWIFT_VERSION = 5.0;
				TARGETED_DEVICE_FAMILY = "1,2";
				TEST_HOST = "$(BUILT_PRODUCTS_DIR)/Reverse Words.app/Reverse Words";
			};
			name = Release;
		};
		042D7090289AC673001D2EC1 /* Debug */ = {
			isa = XCBuildConfiguration;
			buildSettings = {
				CODE_SIGN_STYLE = Automatic;
				CURRENT_PROJECT_VERSION = 1;
				DEVELOPMENT_TEAM = 7X3VV33MVU;
				GENERATE_INFOPLIST_FILE = YES;
				MARKETING_VERSION = 1.0;
				PRODUCT_BUNDLE_IDENTIFIER = matzsugi.ReverseWordsUITests;
				PRODUCT_NAME = "$(TARGET_NAME)";
				SWIFT_EMIT_LOC_STRINGS = NO;
				SWIFT_VERSION = 5.0;
				TARGETED_DEVICE_FAMILY = "1,2";
				TEST_TARGET_NAME = "Reverse Words";
			};
			name = Debug;
		};
		042D7091289AC673001D2EC1 /* Release */ = {
			isa = XCBuildConfiguration;
			buildSettings = {
				CODE_SIGN_STYLE = Automatic;
				CURRENT_PROJECT_VERSION = 1;
				DEVELOPMENT_TEAM = 7X3VV33MVU;
				GENERATE_INFOPLIST_FILE = YES;
				MARKETING_VERSION = 1.0;
				PRODUCT_BUNDLE_IDENTIFIER = matzsugi.ReverseWordsUITests;
				PRODUCT_NAME = "$(TARGET_NAME)";
				SWIFT_EMIT_LOC_STRINGS = NO;
				SWIFT_VERSION = 5.0;
				TARGETED_DEVICE_FAMILY = "1,2";
				TEST_TARGET_NAME = "Reverse Words";
			};
			name = Release;
		};
		049CA13628900B62007B0F36 /* Debug */ = {
			isa = XCBuildConfiguration;
			buildSettings = {
				ALWAYS_SEARCH_USER_PATHS = NO;
				CLANG_ANALYZER_NONNULL = YES;
				CLANG_ANALYZER_NUMBER_OBJECT_CONVERSION = YES_AGGRESSIVE;
				CLANG_CXX_LANGUAGE_STANDARD = "gnu++17";
				CLANG_ENABLE_MODULES = YES;
				CLANG_ENABLE_OBJC_ARC = YES;
				CLANG_ENABLE_OBJC_WEAK = YES;
				CLANG_WARN_BLOCK_CAPTURE_AUTORELEASING = YES;
				CLANG_WARN_BOOL_CONVERSION = YES;
				CLANG_WARN_COMMA = YES;
				CLANG_WARN_CONSTANT_CONVERSION = YES;
				CLANG_WARN_DEPRECATED_OBJC_IMPLEMENTATIONS = YES;
				CLANG_WARN_DIRECT_OBJC_ISA_USAGE = YES_ERROR;
				CLANG_WARN_DOCUMENTATION_COMMENTS = YES;
				CLANG_WARN_EMPTY_BODY = YES;
				CLANG_WARN_ENUM_CONVERSION = YES;
				CLANG_WARN_INFINITE_RECURSION = YES;
				CLANG_WARN_INT_CONVERSION = YES;
				CLANG_WARN_NON_LITERAL_NULL_CONVERSION = YES;
				CLANG_WARN_OBJC_IMPLICIT_RETAIN_SELF = YES;
				CLANG_WARN_OBJC_LITERAL_CONVERSION = YES;
				CLANG_WARN_OBJC_ROOT_CLASS = YES_ERROR;
				CLANG_WARN_QUOTED_INCLUDE_IN_FRAMEWORK_HEADER = YES;
				CLANG_WARN_RANGE_LOOP_ANALYSIS = YES;
				CLANG_WARN_STRICT_PROTOTYPES = YES;
				CLANG_WARN_SUSPICIOUS_MOVE = YES;
				CLANG_WARN_UNGUARDED_AVAILABILITY = YES_AGGRESSIVE;
				CLANG_WARN_UNREACHABLE_CODE = YES;
				CLANG_WARN__DUPLICATE_METHOD_MATCH = YES;
				COPY_PHASE_STRIP = NO;
				DEBUG_INFORMATION_FORMAT = dwarf;
				ENABLE_STRICT_OBJC_MSGSEND = YES;
				ENABLE_TESTABILITY = YES;
				GCC_C_LANGUAGE_STANDARD = gnu11;
				GCC_DYNAMIC_NO_PIC = NO;
				GCC_NO_COMMON_BLOCKS = YES;
				GCC_OPTIMIZATION_LEVEL = 0;
				GCC_PREPROCESSOR_DEFINITIONS = (
					"DEBUG=1",
					"$(inherited)",
				);
				GCC_WARN_64_TO_32_BIT_CONVERSION = YES;
				GCC_WARN_ABOUT_RETURN_TYPE = YES_ERROR;
				GCC_WARN_UNDECLARED_SELECTOR = YES;
				GCC_WARN_UNINITIALIZED_AUTOS = YES_AGGRESSIVE;
				GCC_WARN_UNUSED_FUNCTION = YES;
				GCC_WARN_UNUSED_VARIABLE = YES;
				IPHONEOS_DEPLOYMENT_TARGET = 15.5;
				MTL_ENABLE_DEBUG_INFO = INCLUDE_SOURCE;
				MTL_FAST_MATH = YES;
				ONLY_ACTIVE_ARCH = YES;
				SDKROOT = iphoneos;
				SWIFT_ACTIVE_COMPILATION_CONDITIONS = DEBUG;
				SWIFT_OPTIMIZATION_LEVEL = "-Onone";
			};
			name = Debug;
		};
		049CA13728900B62007B0F36 /* Release */ = {
			isa = XCBuildConfiguration;
			buildSettings = {
				ALWAYS_SEARCH_USER_PATHS = NO;
				CLANG_ANALYZER_NONNULL = YES;
				CLANG_ANALYZER_NUMBER_OBJECT_CONVERSION = YES_AGGRESSIVE;
				CLANG_CXX_LANGUAGE_STANDARD = "gnu++17";
				CLANG_ENABLE_MODULES = YES;
				CLANG_ENABLE_OBJC_ARC = YES;
				CLANG_ENABLE_OBJC_WEAK = YES;
				CLANG_WARN_BLOCK_CAPTURE_AUTORELEASING = YES;
				CLANG_WARN_BOOL_CONVERSION = YES;
				CLANG_WARN_COMMA = YES;
				CLANG_WARN_CONSTANT_CONVERSION = YES;
				CLANG_WARN_DEPRECATED_OBJC_IMPLEMENTATIONS = YES;
				CLANG_WARN_DIRECT_OBJC_ISA_USAGE = YES_ERROR;
				CLANG_WARN_DOCUMENTATION_COMMENTS = YES;
				CLANG_WARN_EMPTY_BODY = YES;
				CLANG_WARN_ENUM_CONVERSION = YES;
				CLANG_WARN_INFINITE_RECURSION = YES;
				CLANG_WARN_INT_CONVERSION = YES;
				CLANG_WARN_NON_LITERAL_NULL_CONVERSION = YES;
				CLANG_WARN_OBJC_IMPLICIT_RETAIN_SELF = YES;
				CLANG_WARN_OBJC_LITERAL_CONVERSION = YES;
				CLANG_WARN_OBJC_ROOT_CLASS = YES_ERROR;
				CLANG_WARN_QUOTED_INCLUDE_IN_FRAMEWORK_HEADER = YES;
				CLANG_WARN_RANGE_LOOP_ANALYSIS = YES;
				CLANG_WARN_STRICT_PROTOTYPES = YES;
				CLANG_WARN_SUSPICIOUS_MOVE = YES;
				CLANG_WARN_UNGUARDED_AVAILABILITY = YES_AGGRESSIVE;
				CLANG_WARN_UNREACHABLE_CODE = YES;
				CLANG_WARN__DUPLICATE_METHOD_MATCH = YES;
				COPY_PHASE_STRIP = NO;
				DEBUG_INFORMATION_FORMAT = "dwarf-with-dsym";
				ENABLE_NS_ASSERTIONS = NO;
				ENABLE_STRICT_OBJC_MSGSEND = YES;
				GCC_C_LANGUAGE_STANDARD = gnu11;
				GCC_NO_COMMON_BLOCKS = YES;
				GCC_WARN_64_TO_32_BIT_CONVERSION = YES;
				GCC_WARN_ABOUT_RETURN_TYPE = YES_ERROR;
				GCC_WARN_UNDECLARED_SELECTOR = YES;
				GCC_WARN_UNINITIALIZED_AUTOS = YES_AGGRESSIVE;
				GCC_WARN_UNUSED_FUNCTION = YES;
				GCC_WARN_UNUSED_VARIABLE = YES;
				IPHONEOS_DEPLOYMENT_TARGET = 15.5;
				MTL_ENABLE_DEBUG_INFO = NO;
				MTL_FAST_MATH = YES;
				SDKROOT = iphoneos;
				SWIFT_COMPILATION_MODE = wholemodule;
				SWIFT_OPTIMIZATION_LEVEL = "-O";
				VALIDATE_PRODUCT = YES;
			};
			name = Release;
		};
		049CA13928900B62007B0F36 /* Debug */ = {
			isa = XCBuildConfiguration;
			baseConfigurationReference = D9D90F015978D7CF01164BFC /* Pods-Reverse Words.debug.xcconfig */;
			buildSettings = {
				ASSETCATALOG_COMPILER_APPICON_NAME = AppIcon;
				ASSETCATALOG_COMPILER_GLOBAL_ACCENT_COLOR_NAME = AccentColor;
				CODE_SIGN_STYLE = Automatic;
				CURRENT_PROJECT_VERSION = 1;
				DEVELOPMENT_TEAM = 7X3VV33MVU;
				GENERATE_INFOPLIST_FILE = YES;
				INFOPLIST_FILE = "Reverse Words/Info.plist";
				INFOPLIST_KEY_UIApplicationSupportsIndirectInputEvents = YES;
				INFOPLIST_KEY_UILaunchStoryboardName = LaunchScreen;
				INFOPLIST_KEY_UIMainStoryboardFile = Main;
				INFOPLIST_KEY_UISupportedInterfaceOrientations = UIInterfaceOrientationPortrait;
				INFOPLIST_KEY_UISupportedInterfaceOrientations_iPad = "UIInterfaceOrientationPortrait UIInterfaceOrientationPortraitUpsideDown UIInterfaceOrientationLandscapeLeft UIInterfaceOrientationLandscapeRight";
				INFOPLIST_KEY_UISupportedInterfaceOrientations_iPhone = "UIInterfaceOrientationPortrait UIInterfaceOrientationLandscapeLeft UIInterfaceOrientationLandscapeRight";
				LD_RUNPATH_SEARCH_PATHS = (
					"$(inherited)",
					"@executable_path/Frameworks",
				);
				MARKETING_VERSION = 1.0;
				PRODUCT_BUNDLE_IDENTIFIER = "matzsugi.Reverse-Words";
				PRODUCT_NAME = "$(TARGET_NAME)";
				SWIFT_EMIT_LOC_STRINGS = YES;
				SWIFT_VERSION = 5.0;
				TARGETED_DEVICE_FAMILY = 1;
			};
			name = Debug;
		};
		049CA13A28900B62007B0F36 /* Release */ = {
			isa = XCBuildConfiguration;
			baseConfigurationReference = 133FF545C888B4BCB32F8223 /* Pods-Reverse Words.release.xcconfig */;
			buildSettings = {
				ASSETCATALOG_COMPILER_APPICON_NAME = AppIcon;
				ASSETCATALOG_COMPILER_GLOBAL_ACCENT_COLOR_NAME = AccentColor;
				CODE_SIGN_STYLE = Automatic;
				CURRENT_PROJECT_VERSION = 1;
				DEVELOPMENT_TEAM = 7X3VV33MVU;
				GENERATE_INFOPLIST_FILE = YES;
				INFOPLIST_FILE = "Reverse Words/Info.plist";
				INFOPLIST_KEY_UIApplicationSupportsIndirectInputEvents = YES;
				INFOPLIST_KEY_UILaunchStoryboardName = LaunchScreen;
				INFOPLIST_KEY_UIMainStoryboardFile = Main;
				INFOPLIST_KEY_UISupportedInterfaceOrientations = UIInterfaceOrientationPortrait;
				INFOPLIST_KEY_UISupportedInterfaceOrientations_iPad = "UIInterfaceOrientationPortrait UIInterfaceOrientationPortraitUpsideDown UIInterfaceOrientationLandscapeLeft UIInterfaceOrientationLandscapeRight";
				INFOPLIST_KEY_UISupportedInterfaceOrientations_iPhone = "UIInterfaceOrientationPortrait UIInterfaceOrientationLandscapeLeft UIInterfaceOrientationLandscapeRight";
				LD_RUNPATH_SEARCH_PATHS = (
					"$(inherited)",
					"@executable_path/Frameworks",
				);
				MARKETING_VERSION = 1.0;
				PRODUCT_BUNDLE_IDENTIFIER = "matzsugi.Reverse-Words";
				PRODUCT_NAME = "$(TARGET_NAME)";
				SWIFT_EMIT_LOC_STRINGS = YES;
				SWIFT_VERSION = 5.0;
				TARGETED_DEVICE_FAMILY = 1;
			};
			name = Release;
		};
/* End XCBuildConfiguration section */

/* Begin XCConfigurationList section */
		042D7082289AC660001D2EC1 /* Build configuration list for PBXNativeTarget "ReverseWordsTests" */ = {
			isa = XCConfigurationList;
			buildConfigurations = (
				042D7080289AC660001D2EC1 /* Debug */,
				042D7081289AC660001D2EC1 /* Release */,
			);
			defaultConfigurationIsVisible = 0;
			defaultConfigurationName = Release;
		};
		042D708F289AC673001D2EC1 /* Build configuration list for PBXNativeTarget "ReverseWordsUITests" */ = {
			isa = XCConfigurationList;
			buildConfigurations = (
				042D7090289AC673001D2EC1 /* Debug */,
				042D7091289AC673001D2EC1 /* Release */,
			);
			defaultConfigurationIsVisible = 0;
			defaultConfigurationName = Release;
		};
		049CA11F28900B61007B0F36 /* Build configuration list for PBXProject "Reverse Words" */ = {
			isa = XCConfigurationList;
			buildConfigurations = (
				049CA13628900B62007B0F36 /* Debug */,
				049CA13728900B62007B0F36 /* Release */,
			);
			defaultConfigurationIsVisible = 0;
			defaultConfigurationName = Release;
		};
		049CA13828900B62007B0F36 /* Build configuration list for PBXNativeTarget "Reverse Words" */ = {
			isa = XCConfigurationList;
			buildConfigurations = (
				049CA13928900B62007B0F36 /* Debug */,
				049CA13A28900B62007B0F36 /* Release */,
			);
			defaultConfigurationIsVisible = 0;
			defaultConfigurationName = Release;
		};
/* End XCConfigurationList section */
	};
	rootObject = 049CA11C28900B61007B0F36 /* Project object */;
}
